<?xml version="1.0" encoding="utf-8"?>
<Project ToolsVersion="4.0" xmlns="http://schemas.microsoft.com/developer/msbuild/2003">
  <ItemGroup>
    <Filter Include="Source Files">
      <UniqueIdentifier>{4FC737F1-C7A5-4376-A066-2A32D752A2FF}</UniqueIdentifier>
      <Extensions>cpp;c;cc;cxx;def;odl;idl;hpj;bat;asm;asmx</Extensions>
    </Filter>
    <Filter Include="Header Files">
      <UniqueIdentifier>{93995380-89BD-4b04-88EB-625FBE52EBFB}</UniqueIdentifier>
      <Extensions>h;hh;hpp;hxx;hm;inl;inc;xsd</Extensions>
    </Filter>
    <Filter Include="Resource Files">
      <UniqueIdentifier>{67DA6AB6-F800-4c08-8B7A-83BB121AAD01}</UniqueIdentifier>
      <Extensions>rc;ico;cur;bmp;dlg;rc2;rct;bin;rgs;gif;jpg;jpeg;jpe;resx;tiff;tif;png;wav</Extensions>
    </Filter>
  </ItemGroup>
  <ItemGroup>
    <ClCompile Include="source\main.cpp">
      <Filter>Source Files</Filter>
    </ClCompile>
  </ItemGroup>
  <ItemGroup>
    <ClInclude Include="header\BoundingBox.h">
      <Filter>Header Files</Filter>
    </ClInclude>
    <ClInclude Include="header\Box.h">
      <Filter>Header Files</Filter>
    </ClInclude>
    <ClInclude Include="header\BVH.h">
      <Filter>Header Files</Filter>
    </ClInclude>
    <ClInclude Include="header\Camera.h">
      <Filter>Header Files</Filter>
    </ClInclude>
    <ClInclude Include="header\Hittable.h">
      <Filter>Header Files</Filter>
    </ClInclude>
    <ClInclude Include="header\Hittable_List.h">
      <Filter>Header Files</Filter>
    </ClInclude>
    <ClInclude Include="header\Material.h">
      <Filter>Header Files</Filter>
    </ClInclude>
    <ClInclude Include="header\Ray.h">
      <Filter>Header Files</Filter>
    </ClInclude>
    <ClInclude Include="header\Rectangle.h">
      <Filter>Header Files</Filter>
    </ClInclude>
    <ClInclude Include="header\Renderer.h">
      <Filter>Header Files</Filter>
    </ClInclude>
    <ClInclude Include="header\Sphere.h">
      <Filter>Header Files</Filter>
    </ClInclude>
    <ClInclude Include="header\stb_image_write.h">
      <Filter>Header Files</Filter>
    </ClInclude>
    <ClInclude Include="header\Triangle.h">
      <Filter>Header Files</Filter>
    </ClInclude>
    <ClInclude Include="header\vec3.h">
      <Filter>Header Files</Filter>
    </ClInclude>
    <ClInclude Include="Header\Tetrahedron.h">
      <Filter>Header Files</Filter>
    </ClInclude>
    <ClInclude Include="Header\Camera4.h">
      <Filter>Header Files</Filter>
    </ClInclude>
    <ClInclude Include="Header\Hittable4.h">
      <Filter>Header Files</Filter>
    </ClInclude>
    <ClInclude Include="Header\Ray4.h">
      <Filter>Header Files</Filter>
    </ClInclude>
    <ClInclude Include="Header\vec4.h">
      <Filter>Header Files</Filter>
    </ClInclude>
    <ClInclude Include="Header\Mesh.h">
      <Filter>Header Files</Filter>
    </ClInclude>
    <ClInclude Include="Header\Mesh4.h">
      <Filter>Header Files</Filter>
    </ClInclude>
    <ClInclude Include="Header\Write.h">
      <Filter>Header Files</Filter>
    </ClInclude>
  </ItemGroup>
  <ItemGroup>
    <None Include="Header\raytrace_kernel.cl">
      <Filter>Source Files</Filter>
    </None>
    <None Include="Source\kernel.cl">
      <Filter>Source Files</Filter>
    </None>
    <None Include="Source\example.cl" />
    <None Include="Source\ambientocclusion.cpp" />
  </ItemGroup>
</Project>